
Microsoft Visual Studio Solution File, Format Version 12.00
# Visual Studio Version 17
VisualStudioVersion = 17.9.34728.123
MinimumVisualStudioVersion = 10.0.40219.1
Project("{FAE04EC0-301F-11D3-BF4B-00C04F79EFBC}") = "LockWord", "LockWord\LockWord.csproj", "{4DCCE39F-B52E-492F-923A-11BBC0C479C3}"
EndProject
Global
	GlobalSection(SolutionConfigurationPlatforms) = preSolution
		Debug|Any CPU = Debug|Any CPU
		Release|Any CPU = Release|Any CPU
	EndGlobalSection
	GlobalSection(ProjectConfigurationPlatforms) = postSolution
		{4DCCE39F-B52E-492F-923A-11BBC0C479C3}.Debug|Any CPU.ActiveCfg = Debug|Any CPU
		{4DCCE39F-B52E-492F-923A-11BBC0C479C3}.Debug|Any CPU.Build.0 = Debug|Any CPU
		{4DCCE39F-B52E-492F-923A-11BBC0C479C3}.Release|Any CPU.ActiveCfg = Release|Any CPU
		{4DCCE39F-B52E-492F-923A-11BBC0C479C3}.Release|Any CPU.Build.0 = Release|Any CPU
	EndGlobalSection
	GlobalSection(SolutionProperties) = preSolution
		HideSolutionNode = FALSE
	EndGlobalSection
	GlobalSection(ExtensibilityGlobals) = postSolution
		SolutionGuid = {78BEFB64-09DB-49F0-9F54-996CF60F074F}
	EndGlobalSection
EndGlobal
